
Microsoft Visual Studio Solution File, Format Version 12.00
# Visual Studio 14
VisualStudioVersion = 14.0.25420.1
MinimumVisualStudioVersion = 10.0.40219.1
Project("{159641D6-6404-4A2A-AE62-294DE0FE8301}") = "WWIDW_manual_BIML", "WWIDW_manual_BIML\WWIDW_manual_BIML.dtproj", "{7BB3120A-BE27-4D06-860B-6711C89A054F}"
EndProject
Project("{159641D6-6404-4A2A-AE62-294DE0FE8301}") = "WWIDW", "WWIDW\WWIDW.dtproj", "{C75E3D96-CA6A-4010-A312-C7440588BA21}"
EndProject
Global
	GlobalSection(SolutionConfigurationPlatforms) = preSolution
		Development|Default = Development|Default
	EndGlobalSection
	GlobalSection(ProjectConfigurationPlatforms) = postSolution
		{7BB3120A-BE27-4D06-860B-6711C89A054F}.Development|Default.ActiveCfg = Development
		{7BB3120A-BE27-4D06-860B-6711C89A054F}.Development|Default.Build.0 = Development
		{C75E3D96-CA6A-4010-A312-C7440588BA21}.Development|Default.ActiveCfg = Development
		{C75E3D96-CA6A-4010-A312-C7440588BA21}.Development|Default.Build.0 = Development
	EndGlobalSection
	GlobalSection(SolutionProperties) = preSolution
		HideSolutionNode = FALSE
	EndGlobalSection
EndGlobal
